
Microsoft Visual Studio Solution File, Format Version 12.00
# Visual Studio Version 17
VisualStudioVersion = 17.14.36401.2 d17.14
MinimumVisualStudioVersion = 10.0.40219.1
Project("{8BC9CEB8-8B4A-11D0-8D11-00A0C91BC942}") = "컴프밍 과제 1-2", "컴프밍 과제 1-2\컴프밍 과제 1-2.vcxproj", "{0E2E2414-3832-4AB2-A6A5-6D6C3B40D3D0}"
EndProject
Global
	GlobalSection(SolutionConfigurationPlatforms) = preSolution
		Debug|x64 = Debug|x64
		Debug|x86 = Debug|x86
		Release|x64 = Release|x64
		Release|x86 = Release|x86
	EndGlobalSection
	GlobalSection(ProjectConfigurationPlatforms) = postSolution
		{0E2E2414-3832-4AB2-A6A5-6D6C3B40D3D0}.Debug|x64.ActiveCfg = Debug|x64
		{0E2E2414-3832-4AB2-A6A5-6D6C3B40D3D0}.Debug|x64.Build.0 = Debug|x64
		{0E2E2414-3832-4AB2-A6A5-6D6C3B40D3D0}.Debug|x86.ActiveCfg = Debug|Win32
		{0E2E2414-3832-4AB2-A6A5-6D6C3B40D3D0}.Debug|x86.Build.0 = Debug|Win32
		{0E2E2414-3832-4AB2-A6A5-6D6C3B40D3D0}.Release|x64.ActiveCfg = Release|x64
		{0E2E2414-3832-4AB2-A6A5-6D6C3B40D3D0}.Release|x64.Build.0 = Release|x64
		{0E2E2414-3832-4AB2-A6A5-6D6C3B40D3D0}.Release|x86.ActiveCfg = Release|Win32
		{0E2E2414-3832-4AB2-A6A5-6D6C3B40D3D0}.Release|x86.Build.0 = Release|Win32
	EndGlobalSection
	GlobalSection(SolutionProperties) = preSolution
		HideSolutionNode = FALSE
	EndGlobalSection
	GlobalSection(ExtensibilityGlobals) = postSolution
		SolutionGuid = {AF4D5DD9-A5C6-4F89-B461-3475C306DD00}
	EndGlobalSection
EndGlobal
